
Microsoft Visual Studio Solution File, Format Version 12.00
# Visual Studio 2012
Project("{FAE04EC0-301F-11D3-BF4B-00C04F79EFBC}") = "Example01", "Exanple01\Example01.csproj", "{A7F8DC28-F19D-426B-9D9C-A76870129832}"
EndProject
Project("{FAE04EC0-301F-11D3-BF4B-00C04F79EFBC}") = "Example02", "Example02\Example02.csproj", "{C4087657-ACA0-464D-BE45-213BD305A4A4}"
EndProject
Project("{FAE04EC0-301F-11D3-BF4B-00C04F79EFBC}") = "Example03", "Example03\Example03.csproj", "{5BF4CDE5-65A7-4923-AA15-2892661FB5F5}"
EndProject
Project("{FAE04EC0-301F-11D3-BF4B-00C04F79EFBC}") = "Example04", "Example04\Example04.csproj", "{DF63D5A0-7D78-42DE-B087-D21217069708}"
EndProject
Global
	GlobalSection(SolutionConfigurationPlatforms) = preSolution
		Debug|Any CPU = Debug|Any CPU
		Release|Any CPU = Release|Any CPU
	EndGlobalSection
	GlobalSection(ProjectConfigurationPlatforms) = postSolution
		{A7F8DC28-F19D-426B-9D9C-A76870129832}.Debug|Any CPU.ActiveCfg = Debug|Any CPU
		{A7F8DC28-F19D-426B-9D9C-A76870129832}.Debug|Any CPU.Build.0 = Debug|Any CPU
		{A7F8DC28-F19D-426B-9D9C-A76870129832}.Release|Any CPU.ActiveCfg = Release|Any CPU
		{A7F8DC28-F19D-426B-9D9C-A76870129832}.Release|Any CPU.Build.0 = Release|Any CPU
		{C4087657-ACA0-464D-BE45-213BD305A4A4}.Debug|Any CPU.ActiveCfg = Debug|Any CPU
		{C4087657-ACA0-464D-BE45-213BD305A4A4}.Debug|Any CPU.Build.0 = Debug|Any CPU
		{C4087657-ACA0-464D-BE45-213BD305A4A4}.Release|Any CPU.ActiveCfg = Release|Any CPU
		{C4087657-ACA0-464D-BE45-213BD305A4A4}.Release|Any CPU.Build.0 = Release|Any CPU
		{5BF4CDE5-65A7-4923-AA15-2892661FB5F5}.Debug|Any CPU.ActiveCfg = Debug|Any CPU
		{5BF4CDE5-65A7-4923-AA15-2892661FB5F5}.Debug|Any CPU.Build.0 = Debug|Any CPU
		{5BF4CDE5-65A7-4923-AA15-2892661FB5F5}.Release|Any CPU.ActiveCfg = Release|Any CPU
		{5BF4CDE5-65A7-4923-AA15-2892661FB5F5}.Release|Any CPU.Build.0 = Release|Any CPU
		{DF63D5A0-7D78-42DE-B087-D21217069708}.Debug|Any CPU.ActiveCfg = Debug|Any CPU
		{DF63D5A0-7D78-42DE-B087-D21217069708}.Debug|Any CPU.Build.0 = Debug|Any CPU
		{DF63D5A0-7D78-42DE-B087-D21217069708}.Release|Any CPU.ActiveCfg = Release|Any CPU
		{DF63D5A0-7D78-42DE-B087-D21217069708}.Release|Any CPU.Build.0 = Release|Any CPU
	EndGlobalSection
	GlobalSection(SolutionProperties) = preSolution
		HideSolutionNode = FALSE
	EndGlobalSection
EndGlobal
